
Microsoft Visual Studio Solution File, Format Version 12.00
# Visual Studio Version 16
VisualStudioVersion = 16.0.29306.81
MinimumVisualStudioVersion = 10.0.40219.1
Project("{FAE04EC0-301F-11D3-BF4B-00C04F79EFBC}") = "ToDoAppConsole", "ToDoAppConsole.csproj", "{74773177-B26A-43B8-A50D-7E286A6625A4}"
EndProject
Project("{FAE04EC0-301F-11D3-BF4B-00C04F79EFBC}") = "ToDoApp", "..\ToDoAPp\ToDoApp.csproj", "{8DDC39C4-F01A-4A93-BFFE-2D3112682FF0}"
EndProject
Project("{FAE04EC0-301F-11D3-BF4B-00C04F79EFBC}") = "ToDoAppTests", "..\ToDoAppTests\ToDoAppTests.csproj", "{FA6A0AFB-9426-43AD-994F-C546C4FC814E}"
EndProject
Global
	GlobalSection(SolutionConfigurationPlatforms) = preSolution
		Debug|Any CPU = Debug|Any CPU
		Release|Any CPU = Release|Any CPU
	EndGlobalSection
	GlobalSection(ProjectConfigurationPlatforms) = postSolution
		{74773177-B26A-43B8-A50D-7E286A6625A4}.Debug|Any CPU.ActiveCfg = Debug|Any CPU
		{74773177-B26A-43B8-A50D-7E286A6625A4}.Debug|Any CPU.Build.0 = Debug|Any CPU
		{74773177-B26A-43B8-A50D-7E286A6625A4}.Release|Any CPU.ActiveCfg = Release|Any CPU
		{74773177-B26A-43B8-A50D-7E286A6625A4}.Release|Any CPU.Build.0 = Release|Any CPU
		{8DDC39C4-F01A-4A93-BFFE-2D3112682FF0}.Debug|Any CPU.ActiveCfg = Debug|Any CPU
		{8DDC39C4-F01A-4A93-BFFE-2D3112682FF0}.Debug|Any CPU.Build.0 = Debug|Any CPU
		{8DDC39C4-F01A-4A93-BFFE-2D3112682FF0}.Release|Any CPU.ActiveCfg = Release|Any CPU
		{8DDC39C4-F01A-4A93-BFFE-2D3112682FF0}.Release|Any CPU.Build.0 = Release|Any CPU
		{FA6A0AFB-9426-43AD-994F-C546C4FC814E}.Debug|Any CPU.ActiveCfg = Debug|Any CPU
		{FA6A0AFB-9426-43AD-994F-C546C4FC814E}.Debug|Any CPU.Build.0 = Debug|Any CPU
		{FA6A0AFB-9426-43AD-994F-C546C4FC814E}.Release|Any CPU.ActiveCfg = Release|Any CPU
		{FA6A0AFB-9426-43AD-994F-C546C4FC814E}.Release|Any CPU.Build.0 = Release|Any CPU
	EndGlobalSection
	GlobalSection(SolutionProperties) = preSolution
		HideSolutionNode = FALSE
	EndGlobalSection
	GlobalSection(ExtensibilityGlobals) = postSolution
		SolutionGuid = {69EF7CEC-3F04-4B0E-9D75-F296D81A9E03}
	EndGlobalSection
EndGlobal
